
Microsoft Visual Studio Solution File, Format Version 12.00
# Visual Studio Version 16
VisualStudioVersion = 16.0.30611.23
MinimumVisualStudioVersion = 10.0.40219.1
Project("{FAE04EC0-301F-11D3-BF4B-00C04F79EFBC}") = "Streams and files", "Streams and files\Streams and files.csproj", "{4BD75CEE-E0C1-41AD-803F-654A4A015AA1}"
EndProject
Global
	GlobalSection(SolutionConfigurationPlatforms) = preSolution
		Debug|Any CPU = Debug|Any CPU
		Release|Any CPU = Release|Any CPU
	EndGlobalSection
	GlobalSection(ProjectConfigurationPlatforms) = postSolution
		{4BD75CEE-E0C1-41AD-803F-654A4A015AA1}.Debug|Any CPU.ActiveCfg = Debug|Any CPU
		{4BD75CEE-E0C1-41AD-803F-654A4A015AA1}.Debug|Any CPU.Build.0 = Debug|Any CPU
		{4BD75CEE-E0C1-41AD-803F-654A4A015AA1}.Release|Any CPU.ActiveCfg = Release|Any CPU
		{4BD75CEE-E0C1-41AD-803F-654A4A015AA1}.Release|Any CPU.Build.0 = Release|Any CPU
	EndGlobalSection
	GlobalSection(SolutionProperties) = preSolution
		HideSolutionNode = FALSE
	EndGlobalSection
	GlobalSection(ExtensibilityGlobals) = postSolution
		SolutionGuid = {9BFF99F5-A4D1-4988-A5F1-E26F225D4C63}
	EndGlobalSection
EndGlobal
